
Microsoft Visual Studio Solution File, Format Version 12.00
# Visual Studio Version 17
VisualStudioVersion = 17.9.34701.34
MinimumVisualStudioVersion = 10.0.40219.1
Project("{FAE04EC0-301F-11D3-BF4B-00C04F79EFBC}") = "MyPortfolio", "MyPortfolio\MyPortfolio.csproj", "{00FCE0D5-8297-4C52-8D3F-C745A5E6F4D6}"
EndProject
Global
	GlobalSection(SolutionConfigurationPlatforms) = preSolution
		Debug|Any CPU = Debug|Any CPU
		Release|Any CPU = Release|Any CPU
	EndGlobalSection
	GlobalSection(ProjectConfigurationPlatforms) = postSolution
		{00FCE0D5-8297-4C52-8D3F-C745A5E6F4D6}.Debug|Any CPU.ActiveCfg = Debug|Any CPU
		{00FCE0D5-8297-4C52-8D3F-C745A5E6F4D6}.Debug|Any CPU.Build.0 = Debug|Any CPU
		{00FCE0D5-8297-4C52-8D3F-C745A5E6F4D6}.Release|Any CPU.ActiveCfg = Release|Any CPU
		{00FCE0D5-8297-4C52-8D3F-C745A5E6F4D6}.Release|Any CPU.Build.0 = Release|Any CPU
	EndGlobalSection
	GlobalSection(SolutionProperties) = preSolution
		HideSolutionNode = FALSE
	EndGlobalSection
	GlobalSection(ExtensibilityGlobals) = postSolution
		SolutionGuid = {896C5F06-A907-4E93-B67F-908002AB30FD}
	EndGlobalSection
EndGlobal
